
Microsoft Visual Studio Solution File, Format Version 12.00
# Visual Studio 15
VisualStudioVersion = 15.0.26430.16
MinimumVisualStudioVersion = 10.0.40219.1
Project("{FAE04EC0-301F-11D3-BF4B-00C04F79EFBC}") = "BankAccount", "BankAccount\BankAccount.csproj", "{8CDC44F7-8784-43E1-A9FF-09513881B11C}"
EndProject
Project("{FAE04EC0-301F-11D3-BF4B-00C04F79EFBC}") = "BankAccountTests", "BankAccountTests\BankAccountTests.csproj", "{9E6E23B8-DE00-46AD-9009-8C5EA5FE0819}"
EndProject
Global
	GlobalSection(SolutionConfigurationPlatforms) = preSolution
		Debug|Any CPU = Debug|Any CPU
		Release|Any CPU = Release|Any CPU
	EndGlobalSection
	GlobalSection(ProjectConfigurationPlatforms) = postSolution
		{8CDC44F7-8784-43E1-A9FF-09513881B11C}.Debug|Any CPU.ActiveCfg = Debug|Any CPU
		{8CDC44F7-8784-43E1-A9FF-09513881B11C}.Debug|Any CPU.Build.0 = Debug|Any CPU
		{8CDC44F7-8784-43E1-A9FF-09513881B11C}.Release|Any CPU.ActiveCfg = Release|Any CPU
		{8CDC44F7-8784-43E1-A9FF-09513881B11C}.Release|Any CPU.Build.0 = Release|Any CPU
		{9E6E23B8-DE00-46AD-9009-8C5EA5FE0819}.Debug|Any CPU.ActiveCfg = Debug|Any CPU
		{9E6E23B8-DE00-46AD-9009-8C5EA5FE0819}.Debug|Any CPU.Build.0 = Debug|Any CPU
		{9E6E23B8-DE00-46AD-9009-8C5EA5FE0819}.Release|Any CPU.ActiveCfg = Release|Any CPU
		{9E6E23B8-DE00-46AD-9009-8C5EA5FE0819}.Release|Any CPU.Build.0 = Release|Any CPU
	EndGlobalSection
	GlobalSection(SolutionProperties) = preSolution
		HideSolutionNode = FALSE
	EndGlobalSection
EndGlobal
